# This file is automatically @generated by Cargo.
# It is not intended for manual editing.
version = 3

[[package]]
name = "lcd1602_gpio"
version = "0.1.0"
dependencies = [
 "rppal",
]

[[package]]
name = "libc"
version = "0.2.151"
source = "registry+https://github.com/rust-lang/crates.io-index"
checksum = "302d7ab3130588088d277783b1e2d2e10c9e9e4a16dd9050e6ec93fb3e7048f4"

[[package]]
name = "rppal"
version = "0.16.0"
source = "registry+https://github.com/rust-lang/crates.io-index"
checksum = "23aff72e177b0e0b0e0801bbe9f41de2abafd396dfb69af9c602ffba8c2091b3"
dependencies = [
 "libc",
]
